// !$*UTF8*$!
{
	archiveVersion = 1;
	classes = {
	};
	objectVersion = 46;
	objects = {

/* Begin PBXBuildFile section */
		103A30E11B90E882005B4124 /* AppDelegate.swift in Sources */ = {isa = PBXBuildFile; fileRef = 103A30E01B90E882005B4124 /* AppDelegate.swift */; };
		103A30E31B90E882005B4124 /* ViewController.swift in Sources */ = {isa = PBXBuildFile; fileRef = 103A30E21B90E882005B4124 /* ViewController.swift */; };
		103A30E61B90E882005B4124 /* Main.storyboard in Resources */ = {isa = PBXBuildFile; fileRef = 103A30E41B90E882005B4124 /* Main.storyboard */; };
		103A30E81B90E882005B4124 /* Assets.xcassets in Resources */ = {isa = PBXBuildFile; fileRef = 103A30E71B90E882005B4124 /* Assets.xcassets */; };
		103A30EB1B90E882005B4124 /* LaunchScreen.storyboard in Resources */ = {isa = PBXBuildFile; fileRef = 103A30E91B90E882005B4124 /* LaunchScreen.storyboard */; };
/* End PBXBuildFile section */

/* Begin PBXFileReference section */
		103A30DD1B90E882005B4124 /* SharedVC.app */ = {isa = PBXFileReference; explicitFileType = wrapper.application; includeInIndex = 0; path = SharedVC.app; sourceTree = BUILT_PRODUCTS_DIR; };
		103A30E01B90E882005B4124 /* AppDelegate.swift */ = {isa = PBXFileReference; lastKnownFileType = sourcecode.swift; path = AppDelegate.swift; sourceTree = "<group>"; };
		103A30E21B90E882005B4124 /* ViewController.swift */ = {isa = PBXFileReference; lastKnownFileType = sourcecode.swift; path = ViewController.swift; sourceTree = "<group>"; };
		103A30E51B90E882005B4124 /* Base */ = {isa = PBXFileReference; lastKnownFileType = file.storyboard; name = Base; path = Base.lproj/Main.storyboard; sourceTree = "<group>"; };
		103A30E71B90E882005B4124 /* Assets.xcassets */ = {isa = PBXFileReference; lastKnownFileType = folder.assetcatalog; path = Assets.xcassets; sourceTree = "<group>"; };
		103A30EA1B90E882005B4124 /* Base */ = {isa = PBXFileReference; lastKnownFileType = file.storyboard; name = Base; path = Base.lproj/LaunchScreen.storyboard; sourceTree = "<group>"; };
		103A30EC1B90E882005B4124 /* Info.plist */ = {isa = PBXFileReference; lastKnownFileType = text.plist.xml; path = Info.plist; sourceTree = "<group>"; };
/* End PBXFileReference section */

/* Begin PBXFrameworksBuildPhase section */
		103A30DA1B90E882005B4124 /* Frameworks */ = {
			isa = PBXFrameworksBuildPhase;
			buildActionMask = 2147483647;
			files = (
			);
			runOnlyForDeploymentPostprocessing = 0;
		};
/* End PBXFrameworksBuildPhase section */

/* Begin PBXGroup section */
		103A30D41B90E882005B4124 = {
			isa = PBXGroup;
			children = (
				103A30DF1B90E882005B4124 /* SharedVC */,
				103A30DE1B90E882005B4124 /* Products */,
			);
			sourceTree = "<group>";
		};
		103A30DE1B90E882005B4124 /* Products */ = {
			isa = PBXGroup;
			children = (
				103A30DD1B90E882005B4124 /* SharedVC.app */,
			);
			name = Products;
			sourceTree = "<group>";
		};
		103A30DF1B90E882005B4124 /* SharedVC */ = {
			isa = PBXGroup;
			children = (
				103A30E01B90E882005B4124 /* AppDelegate.swift */,
				103A30E21B90E882005B4124 /* ViewController.swift */,
				103A30E41B90E882005B4124 /* Main.storyboard */,
				103A30E71B90E882005B4124 /* Assets.xcassets */,
				103A30E91B90E882005B4124 /* LaunchScreen.storyboard */,
				103A30EC1B90E882005B4124 /* Info.plist */,
			);
			path = SharedVC;
			sourceTree = "<group>";
		};
/* End PBXGroup section */

/* Begin PBXNativeTarget section */
		103A30DC1B90E882005B4124 /* SharedVC */ = {
			isa = PBXNativeTarget;
			buildConfigurationList = 103A30EF1B90E882005B4124 /* Build configuration list for PBXNativeTarget "SharedVC" */;
			buildPhases = (
				103A30D91B90E882005B4124 /* Sources */,
				103A30DA1B90E882005B4124 /* Frameworks */,
				103A30DB1B90E882005B4124 /* Resources */,
			);
			buildRules = (
			);
			dependencies = (
			);
			name = SharedVC;
			productName = SharedVC;
			productReference = 103A30DD1B90E882005B4124 /* SharedVC.app */;
			productType = "com.apple.product-type.application";
		};
/* End PBXNativeTarget section */

/* Begin PBXProject section */
		103A30D51B90E882005B4124 /* Project object */ = {
			isa = PBXProject;
			attributes = {
				LastUpgradeCheck = 0700;
				ORGANIZATIONNAME = "Li Ge";
				TargetAttributes = {
					103A30DC1B90E882005B4124 = {
						CreatedOnToolsVersion = 7.0;
					};
				};
			};
			buildConfigurationList = 103A30D81B90E882005B4124 /* Build configuration list for PBXProject "SharedVC" */;
			compatibilityVersion = "Xcode 3.2";
			developmentRegion = English;
			hasScannedForEncodings = 0;
			knownRegions = (
				en,
				Base,
			);
			mainGroup = 103A30D41B90E882005B4124;
			productRefGroup = 103A30DE1B90E882005B4124 /* Products */;
			projectDirPath = "";
			projectRoot = "";
			targets = (
				103A30DC1B90E882005B4124 /* SharedVC */,
			);
		};
/* End PBXProject section */

/* Begin PBXResourcesBuildPhase section */
		103A30DB1B90E882005B4124 /* Resources */ = {
			isa = PBXResourcesBuildPhase;
			buildActionMask = 2147483647;
			files = (
				103A30EB1B90E882005B4124 /* LaunchScreen.storyboard in Resources */,
				103A30E81B90E882005B4124 /* Assets.xcassets in Resources */,
				103A30E61B90E882005B4124 /* Main.storyboard in Resources */,
			);
			runOnlyForDeploymentPostprocessing = 0;
		};
/* End PBXResourcesBuildPhase section */

/* Begin PBXSourcesBuildPhase section */
		103A30D91B90E882005B4124 /* Sources */ = {
			isa = PBXSourcesBuildPhase;
			buildActionMask = 2147483647;
			files = (
				103A30E31B90E882005B4124 /* ViewController.swift in Sources */,
				103A30E11B90E882005B4124 /* AppDelegate.swift in Sources */,
			);
			runOnlyForDeploymentPostprocessing = 0;
		};
/* End PBXSourcesBuildPhase section */

/* Begin PBXVariantGroup section */
		103A30E41B90E882005B4124 /* Main.storyboard */ = {
			isa = PBXVariantGroup;
			children = (
				103A30E51B90E882005B4124 /* Base */,
			);
			name = Main.storyboard;
			sourceTree = "<group>";
		};
		103A30E91B90E882005B4124 /* LaunchScreen.storyboard */ = {
			isa = PBXVariantGroup;
			children = (
				103A30EA1B90E882005B4124 /* Base */,
			);
			name = LaunchScreen.storyboard;
			sourceTree = "<group>";
		};
/* End PBXVariantGroup section */

/* Begin XCBuildConfiguration section */
		103A30ED1B90E882005B4124 /* Debug */ = {
			isa = XCBuildConfiguration;
			buildSettings = {
				ALWAYS_SEARCH_USER_PATHS = NO;
				CLANG_CXX_LANGUAGE_STANDARD = "gnu++0x";
				CLANG_CXX_LIBRARY = "libc++";
				CLANG_ENABLE_MODULES = YES;
				CLANG_ENABLE_OBJC_ARC = YES;
				CLANG_WARN_BOOL_CONVERSION = YES;
				CLANG_WARN_CONSTANT_CONVERSION = YES;
				CLANG_WARN_DIRECT_OBJC_ISA_USAGE = YES_ERROR;
				CLANG_WARN_EMPTY_BODY = YES;
				CLANG_WARN_ENUM_CONVERSION = YES;
				CLANG_WARN_INT_CONVERSION = YES;
				CLANG_WARN_OBJC_ROOT_CLASS = YES_ERROR;
				CLANG_WARN_UNREACHABLE_CODE = YES;
				CLANG_WARN__DUPLICATE_METHOD_MATCH = YES;
				"CODE_SIGN_IDENTITY[sdk=iphoneos*]" = "iPhone Developer";
				COPY_PHASE_STRIP = NO;
				DEBUG_INFORMATION_FORMAT = dwarf;
				ENABLE_STRICT_OBJC_MSGSEND = YES;
				ENABLE_TESTABILITY = YES;
				GCC_C_LANGUAGE_STANDARD = gnu99;
				GCC_DYNAMIC_NO_PIC = NO;
				GCC_NO_COMMON_BLOCKS = YES;
				GCC_OPTIMIZATION_LEVEL = 0;
				GCC_PREPROCESSOR_DEFINITIONS = (
					"DEBUG=1",
					"$(inherited)",
				);
				GCC_WARN_64_TO_32_BIT_CONVERSION = YES;
				GCC_WARN_ABOUT_RETURN_TYPE = YES_ERROR;
				GCC_WARN_UNDECLARED_SELECTOR = YES;
				GCC_WARN_UNINITIALIZED_AUTOS = YES_AGGRESSIVE;
				GCC_WARN_UNUSED_FUNCTION = YES;
				GCC_WARN_UNUSED_VARIABLE = YES;
				IPHONEOS_DEPLOYMENT_TARGET = 9.0;
				MTL_ENABLE_DEBUG_INFO = YES;
				ONLY_ACTIVE_ARCH = YES;
				SDKROOT = iphoneos;
				SWIFT_OPTIMIZATION_LEVEL = "-Onone";
				TARGETED_DEVICE_FAMILY = 2;
			};
			name = Debug;
		};
		103A30EE1B90E882005B4124 /* Release */ = {
			isa = XCBuildConfiguration;
			buildSettings = {
				ALWAYS_SEARCH_USER_PATHS = NO;
				CLANG_CXX_LANGUAGE_STANDARD = "gnu++0x";
				CLANG_CXX_LIBRARY = "libc++";
				CLANG_ENABLE_MODULES = YES;
				CLANG_ENABLE_OBJC_ARC = YES;
				CLANG_WARN_BOOL_CONVERSION = YES;
				CLANG_WARN_CONSTANT_CONVERSION = YES;
				CLANG_WARN_DIRECT_OBJC_ISA_USAGE = YES_ERROR;
				CLANG_WARN_EMPTY_BODY = YES;
				CLANG_WARN_ENUM_CONVERSION = YES;
				CLANG_WARN_INT_CONVERSION = YES;
				CLANG_WARN_OBJC_ROOT_CLASS = YES_ERROR;
				CLANG_WARN_UNREACHABLE_CODE = YES;
				CLANG_WARN__DUPLICATE_METHOD_MATCH = YES;
				"CODE_SIGN_IDENTITY[sdk=iphoneos*]" = "iPhone Developer";
				COPY_PHASE_STRIP = NO;
				DEBUG_INFORMATION_FORMAT = "dwarf-with-dsym";
				ENABLE_NS_ASSERTIONS = NO;
				ENABLE_STRICT_OBJC_MSGSEND = YES;
				GCC_C_LANGUAGE_STANDARD = gnu99;
				GCC_NO_COMMON_BLOCKS = YES;
				GCC_WARN_64_TO_32_BIT_CONVERSION = YES;
				GCC_WARN_ABOUT_RETURN_TYPE = YES_ERROR;
				GCC_WARN_UNDECLARED_SELECTOR = YES;
				GCC_WARN_UNINITIALIZED_AUTOS = YES_AGGRESSIVE;
				GCC_WARN_UNUSED_FUNCTION = YES;
				GCC_WARN_UNUSED_VARIABLE = YES;
				IPHONEOS_DEPLOYMENT_TARGET = 9.0;
				MTL_ENABLE_DEBUG_INFO = NO;
				SDKROOT = iphoneos;
				TARGETED_DEVICE_FAMILY = 2;
				VALIDATE_PRODUCT = YES;
			};
			name = Release;
		};
		103A30F01B90E882005B4124 /* Debug */ = {
			isa = XCBuildConfiguration;
			buildSettings = {
				ASSETCATALOG_COMPILER_APPICON_NAME = AppIcon;
				INFOPLIST_FILE = SharedVC/Info.plist;
				LD_RUNPATH_SEARCH_PATHS = "$(inherited) @executable_path/Frameworks";
				PRODUCT_BUNDLE_IDENTIFIER = me.lige.SharedVC;
				PRODUCT_NAME = "$(TARGET_NAME)";
			};
			name = Debug;
		};
		103A30F11B90E882005B4124 /* Release */ = {
			isa = XCBuildConfiguration;
			buildSettings = {
				ASSETCATALOG_COMPILER_APPICON_NAME = AppIcon;
				INFOPLIST_FILE = SharedVC/Info.plist;
				LD_RUNPATH_SEARCH_PATHS = "$(inherited) @executable_path/Frameworks";
				PRODUCT_BUNDLE_IDENTIFIER = me.lige.SharedVC;
				PRODUCT_NAME = "$(TARGET_NAME)";
			};
			name = Release;
		};
/* End XCBuildConfiguration section */

/* Begin XCConfigurationList section */
		103A30D81B90E882005B4124 /* Build configuration list for PBXProject "SharedVC" */ = {
			isa = XCConfigurationList;
			buildConfigurations = (
				103A30ED1B90E882005B4124 /* Debug */,
				103A30EE1B90E882005B4124 /* Release */,
			);
			defaultConfigurationIsVisible = 0;
			defaultConfigurationName = Release;
		};
		103A30EF1B90E882005B4124 /* Build configuration list for PBXNativeTarget "SharedVC" */ = {
			isa = XCConfigurationList;
			buildConfigurations = (
				103A30F01B90E882005B4124 /* Debug */,
				103A30F11B90E882005B4124 /* Release */,
			);
			defaultConfigurationIsVisible = 0;
		};
/* End XCConfigurationList section */
	};
	rootObject = 103A30D51B90E882005B4124 /* Project object */;
}
